
Microsoft Visual Studio Solution File, Format Version 12.00
# Visual Studio Version 17
VisualStudioVersion = 17.0.31903.59
MinimumVisualStudioVersion = 10.0.40219.1
Project("{FAE04EC0-301F-11D3-BF4B-00C04F79EFBC}") = "ProjectIAPI", "ProjectIAPI\ProjectIAPI.csproj", "{97DAF42A-E309-49E3-922C-13EEC12E5E8A}"
EndProject
Project("{FAE04EC0-301F-11D3-BF4B-00C04F79EFBC}") = "ProjectIAPI_Core", "ProjectIAPI_Core\ProjectIAPI_Core.csproj", "{1621299F-0441-42A2-BBDE-A156DEFD2A85}"
EndProject
Project("{FAE04EC0-301F-11D3-BF4B-00C04F79EFBC}") = "ProjectIAPI_Infrastructure", "ProjectIAPI_Infrastructure\ProjectIAPI_Infrastructure.csproj", "{BABFA0E4-3053-47AC-8FF9-C047C7FF2165}"
EndProject
Global
	GlobalSection(SolutionConfigurationPlatforms) = preSolution
		Debug|Any CPU = Debug|Any CPU
		Debug|x64 = Debug|x64
		Debug|x86 = Debug|x86
		Release|Any CPU = Release|Any CPU
		Release|x64 = Release|x64
		Release|x86 = Release|x86
	EndGlobalSection
	GlobalSection(ProjectConfigurationPlatforms) = postSolution
		{97DAF42A-E309-49E3-922C-13EEC12E5E8A}.Debug|Any CPU.ActiveCfg = Debug|Any CPU
		{97DAF42A-E309-49E3-922C-13EEC12E5E8A}.Debug|Any CPU.Build.0 = Debug|Any CPU
		{97DAF42A-E309-49E3-922C-13EEC12E5E8A}.Debug|x64.ActiveCfg = Debug|Any CPU
		{97DAF42A-E309-49E3-922C-13EEC12E5E8A}.Debug|x64.Build.0 = Debug|Any CPU
		{97DAF42A-E309-49E3-922C-13EEC12E5E8A}.Debug|x86.ActiveCfg = Debug|Any CPU
		{97DAF42A-E309-49E3-922C-13EEC12E5E8A}.Debug|x86.Build.0 = Debug|Any CPU
		{97DAF42A-E309-49E3-922C-13EEC12E5E8A}.Release|Any CPU.ActiveCfg = Release|Any CPU
		{97DAF42A-E309-49E3-922C-13EEC12E5E8A}.Release|Any CPU.Build.0 = Release|Any CPU
		{97DAF42A-E309-49E3-922C-13EEC12E5E8A}.Release|x64.ActiveCfg = Release|Any CPU
		{97DAF42A-E309-49E3-922C-13EEC12E5E8A}.Release|x64.Build.0 = Release|Any CPU
		{97DAF42A-E309-49E3-922C-13EEC12E5E8A}.Release|x86.ActiveCfg = Release|Any CPU
		{97DAF42A-E309-49E3-922C-13EEC12E5E8A}.Release|x86.Build.0 = Release|Any CPU
		{1621299F-0441-42A2-BBDE-A156DEFD2A85}.Debug|Any CPU.ActiveCfg = Debug|Any CPU
		{1621299F-0441-42A2-BBDE-A156DEFD2A85}.Debug|Any CPU.Build.0 = Debug|Any CPU
		{1621299F-0441-42A2-BBDE-A156DEFD2A85}.Debug|x64.ActiveCfg = Debug|Any CPU
		{1621299F-0441-42A2-BBDE-A156DEFD2A85}.Debug|x64.Build.0 = Debug|Any CPU
		{1621299F-0441-42A2-BBDE-A156DEFD2A85}.Debug|x86.ActiveCfg = Debug|Any CPU
		{1621299F-0441-42A2-BBDE-A156DEFD2A85}.Debug|x86.Build.0 = Debug|Any CPU
		{1621299F-0441-42A2-BBDE-A156DEFD2A85}.Release|Any CPU.ActiveCfg = Release|Any CPU
		{1621299F-0441-42A2-BBDE-A156DEFD2A85}.Release|Any CPU.Build.0 = Release|Any CPU
		{1621299F-0441-42A2-BBDE-A156DEFD2A85}.Release|x64.ActiveCfg = Release|Any CPU
		{1621299F-0441-42A2-BBDE-A156DEFD2A85}.Release|x64.Build.0 = Release|Any CPU
		{1621299F-0441-42A2-BBDE-A156DEFD2A85}.Release|x86.ActiveCfg = Release|Any CPU
		{1621299F-0441-42A2-BBDE-A156DEFD2A85}.Release|x86.Build.0 = Release|Any CPU
		{BABFA0E4-3053-47AC-8FF9-C047C7FF2165}.Debug|Any CPU.ActiveCfg = Debug|Any CPU
		{BABFA0E4-3053-47AC-8FF9-C047C7FF2165}.Debug|Any CPU.Build.0 = Debug|Any CPU
		{BABFA0E4-3053-47AC-8FF9-C047C7FF2165}.Debug|x64.ActiveCfg = Debug|Any CPU
		{BABFA0E4-3053-47AC-8FF9-C047C7FF2165}.Debug|x64.Build.0 = Debug|Any CPU
		{BABFA0E4-3053-47AC-8FF9-C047C7FF2165}.Debug|x86.ActiveCfg = Debug|Any CPU
		{BABFA0E4-3053-47AC-8FF9-C047C7FF2165}.Debug|x86.Build.0 = Debug|Any CPU
		{BABFA0E4-3053-47AC-8FF9-C047C7FF2165}.Release|Any CPU.ActiveCfg = Release|Any CPU
		{BABFA0E4-3053-47AC-8FF9-C047C7FF2165}.Release|Any CPU.Build.0 = Release|Any CPU
		{BABFA0E4-3053-47AC-8FF9-C047C7FF2165}.Release|x64.ActiveCfg = Release|Any CPU
		{BABFA0E4-3053-47AC-8FF9-C047C7FF2165}.Release|x64.Build.0 = Release|Any CPU
		{BABFA0E4-3053-47AC-8FF9-C047C7FF2165}.Release|x86.ActiveCfg = Release|Any CPU
		{BABFA0E4-3053-47AC-8FF9-C047C7FF2165}.Release|x86.Build.0 = Release|Any CPU
	EndGlobalSection
	GlobalSection(SolutionProperties) = preSolution
		HideSolutionNode = FALSE
	EndGlobalSection
EndGlobal
